lockfileVersion: 5.3

specifiers:
  bs-platform: ^9.0.2
  bs-result: github:idkjs/bs-result
  chrome-store-api: ^1.0.5
  codemirror: ^5.61.0
  file-loader: ^6.2.0
  generate-json-webpack-plugin: ^2.0.0
  highlight.js: ^10.7.2
  react: ^17.0.2
  react-codemirror2: ^7.2.1
  react-copy-to-clipboard: ^5.0.3
  react-dom: ^17.0.2
  reason-react: ^0.9.1
  webpack: ^5.36.2
  zip-webpack-plugin: ^4.0.1

dependencies:
  codemirror: 5.61.0
  highlight.js: 10.7.2
  react: 17.0.2
  react-codemirror2: 7.2.1_codemirror@5.61.0+react@17.0.2
  react-copy-to-clipboard: 5.0.3_react@17.0.2
  react-dom: 17.0.2_react@17.0.2
  reason-react: 0.9.1_e25c31baf39929dcd7f98383313f0782

devDependencies:
  bs-platform: 9.0.2
  bs-result: github.com/idkjs/bs-result/bd748ab6f57e4d7a39ecbf233f020fce69c06787_bs-platform@9.0.2
  chrome-store-api: 1.0.5
  file-loader: 6.2.0_webpack@5.36.2
  generate-json-webpack-plugin: 2.0.0
  webpack: 5.36.2
  zip-webpack-plugin: 4.0.1_webpack@5.36.2

packages:

  /@types/eslint-scope/3.7.0:
    resolution: {integrity: sha512-O/ql2+rrCUe2W2rs7wMR+GqPRcgB6UiqN5RhrR5xruFlY7l9YLMn0ZkDzjoHLeiFkR8MCQZVudUuuvQ2BLC9Qw==}
    dependencies:
      '@types/eslint': 7.2.10
      '@types/estree': 0.0.47
    dev: true

  /@types/eslint/7.2.10:
    resolution: {integrity: sha512-kUEPnMKrqbtpCq/KTaGFFKAcz6Ethm2EjCoKIDaCmfRBWLbFuTcOJfTlorwbnboXBzahqWLgUp1BQeKHiJzPUQ==}
    dependencies:
      '@types/estree': 0.0.47
      '@types/json-schema': 7.0.7
    dev: true

  /@types/estree/0.0.47:
    resolution: {integrity: sha512-c5ciR06jK8u9BstrmJyO97m+klJrrhCf9u3rLu3DEAJBirxRqSCvDQoYKmxuYwQI5SZChAWu+tq9oVlGRuzPAg==}
    dev: true

  /@types/json-schema/7.0.7:
    resolution: {integrity: sha512-cxWFQVseBm6O9Gbw1IWb8r6OS4OhSt3hPZLkFApLjM8TEXROBuQGLAH2i2gZpcXdLBIrpXuTDhH7Vbm1iXmNGA==}
    dev: true

  /@types/node/15.0.2:
    resolution: {integrity: sha512-p68+a+KoxpoB47015IeYZYRrdqMUcpbK8re/zpFB8Ld46LHC1lPEbp3EXgkEhAYEcPvjJF6ZO+869SQ0aH1dcA==}
    dev: true

  /@webassemblyjs/ast/1.11.0:
    resolution: {integrity: sha512-kX2W49LWsbthrmIRMbQZuQDhGtjyqXfEmmHyEi4XWnSZtPmxY0+3anPIzsnRb45VH/J55zlOfWvZuY47aJZTJg==}
    dependencies:
      '@webassemblyjs/helper-numbers': 1.11.0
      '@webassemblyjs/helper-wasm-bytecode': 1.11.0
    dev: true

  /@webassemblyjs/floating-point-hex-parser/1.11.0:
    resolution: {integrity: sha512-Q/aVYs/VnPDVYvsCBL/gSgwmfjeCb4LW8+TMrO3cSzJImgv8lxxEPM2JA5jMrivE7LSz3V+PFqtMbls3m1exDA==}
    dev: true

  /@webassemblyjs/helper-api-error/1.11.0:
    resolution: {integrity: sha512-baT/va95eXiXb2QflSx95QGT5ClzWpGaa8L7JnJbgzoYeaA27FCvuBXU758l+KXWRndEmUXjP0Q5fibhavIn8w==}
    dev: true

  /@webassemblyjs/helper-buffer/1.11.0:
    resolution: {integrity: sha512-u9HPBEl4DS+vA8qLQdEQ6N/eJQ7gT7aNvMIo8AAWvAl/xMrcOSiI2M0MAnMCy3jIFke7bEee/JwdX1nUpCtdyA==}
    dev: true

  /@webassemblyjs/helper-numbers/1.11.0:
    resolution: {integrity: sha512-DhRQKelIj01s5IgdsOJMKLppI+4zpmcMQ3XboFPLwCpSNH6Hqo1ritgHgD0nqHeSYqofA6aBN/NmXuGjM1jEfQ==}
    dependencies:
      '@webassemblyjs/floating-point-hex-parser': 1.11.0
      '@webassemblyjs/helper-api-error': 1.11.0
      '@xtuc/long': 4.2.2
    dev: true

  /@webassemblyjs/helper-wasm-bytecode/1.11.0:
    resolution: {integrity: sha512-MbmhvxXExm542tWREgSFnOVo07fDpsBJg3sIl6fSp9xuu75eGz5lz31q7wTLffwL3Za7XNRCMZy210+tnsUSEA==}
    dev: true

  /@webassemblyjs/helper-wasm-section/1.11.0:
    resolution: {integrity: sha512-3Eb88hcbfY/FCukrg6i3EH8H2UsD7x8Vy47iVJrP967A9JGqgBVL9aH71SETPx1JrGsOUVLo0c7vMCN22ytJew==}
    dependencies:
      '@webassemblyjs/ast': 1.11.0
      '@webassemblyjs/helper-buffer': 1.11.0
      '@webassemblyjs/helper-wasm-bytecode': 1.11.0
      '@webassemblyjs/wasm-gen': 1.11.0
    dev: true

  /@webassemblyjs/ieee754/1.11.0:
    resolution: {integrity: sha512-KXzOqpcYQwAfeQ6WbF6HXo+0udBNmw0iXDmEK5sFlmQdmND+tr773Ti8/5T/M6Tl/413ArSJErATd8In3B+WBA==}
    dependencies:
      '@xtuc/ieee754': 1.2.0
    dev: true

  /@webassemblyjs/leb128/1.11.0:
    resolution: {integrity: sha512-aqbsHa1mSQAbeeNcl38un6qVY++hh8OpCOzxhixSYgbRfNWcxJNJQwe2rezK9XEcssJbbWIkblaJRwGMS9zp+g==}
    dependencies:
      '@xtuc/long': 4.2.2
    dev: true

  /@webassemblyjs/utf8/1.11.0:
    resolution: {integrity: sha512-A/lclGxH6SpSLSyFowMzO/+aDEPU4hvEiooCMXQPcQFPPJaYcPQNKGOCLUySJsYJ4trbpr+Fs08n4jelkVTGVw==}
    dev: true

  /@webassemblyjs/wasm-edit/1.11.0:
    resolution: {integrity: sha512-JHQ0damXy0G6J9ucyKVXO2j08JVJ2ntkdJlq1UTiUrIgfGMmA7Ik5VdC/L8hBK46kVJgujkBIoMtT8yVr+yVOQ==}
    dependencies:
      '@webassemblyjs/ast': 1.11.0
      '@webassemblyjs/helper-buffer': 1.11.0
      '@webassemblyjs/helper-wasm-bytecode': 1.11.0
      '@webassemblyjs/helper-wasm-section': 1.11.0
      '@webassemblyjs/wasm-gen': 1.11.0
      '@webassemblyjs/wasm-opt': 1.11.0
      '@webassemblyjs/wasm-parser': 1.11.0
      '@webassemblyjs/wast-printer': 1.11.0
    dev: true

  /@webassemblyjs/wasm-gen/1.11.0:
    resolution: {integrity: sha512-BEUv1aj0WptCZ9kIS30th5ILASUnAPEvE3tVMTrItnZRT9tXCLW2LEXT8ezLw59rqPP9klh9LPmpU+WmRQmCPQ==}
    dependencies:
      '@webassemblyjs/ast': 1.11.0
      '@webassemblyjs/helper-wasm-bytecode': 1.11.0
      '@webassemblyjs/ieee754': 1.11.0
      '@webassemblyjs/leb128': 1.11.0
      '@webassemblyjs/utf8': 1.11.0
    dev: true

  /@webassemblyjs/wasm-opt/1.11.0:
    resolution: {integrity: sha512-tHUSP5F4ywyh3hZ0+fDQuWxKx3mJiPeFufg+9gwTpYp324mPCQgnuVKwzLTZVqj0duRDovnPaZqDwoyhIO8kYg==}
    dependencies:
      '@webassemblyjs/ast': 1.11.0
      '@webassemblyjs/helper-buffer': 1.11.0
      '@webassemblyjs/wasm-gen': 1.11.0
      '@webassemblyjs/wasm-parser': 1.11.0
    dev: true

  /@webassemblyjs/wasm-parser/1.11.0:
    resolution: {integrity: sha512-6L285Sgu9gphrcpDXINvm0M9BskznnzJTE7gYkjDbxET28shDqp27wpruyx3C2S/dvEwiigBwLA1cz7lNUi0kw==}
    dependencies:
      '@webassemblyjs/ast': 1.11.0
      '@webassemblyjs/helper-api-error': 1.11.0
      '@webassemblyjs/helper-wasm-bytecode': 1.11.0
      '@webassemblyjs/ieee754': 1.11.0
      '@webassemblyjs/leb128': 1.11.0
      '@webassemblyjs/utf8': 1.11.0
    dev: true

  /@webassemblyjs/wast-printer/1.11.0:
    resolution: {integrity: sha512-Fg5OX46pRdTgB7rKIUojkh9vXaVN6sGYCnEiJN1GYkb0RPwShZXp6KTDqmoMdQPKhcroOXh3fEzmkWmCYaKYhQ==}
    dependencies:
      '@webassemblyjs/ast': 1.11.0
      '@xtuc/long': 4.2.2
    dev: true

  /@xtuc/ieee754/1.2.0:
    resolution: {integrity: sha512-DX8nKgqcGwsc0eJSqYt5lwP4DH5FlHnmuWWBRy7X0NcaGR0ZtuyeESgMwTYVEtxmsNGY+qit4QYT/MIYTOTPeA==}
    dev: true

  /@xtuc/long/4.2.2:
    resolution: {integrity: sha512-NuHqBY1PB/D8xU6s/thBgOAiAP7HOYDQ32+BFZILJ8ivkUkAHQnWfn6WhL79Owj1qmUnoN/YPhktdIoucipkAQ==}
    dev: true

  /acorn/8.2.4:
    resolution: {integrity: sha512-Ibt84YwBDDA890eDiDCEqcbwvHlBvzzDkU2cGBBDDI1QWT12jTiXIOn2CIw5KK4i6N5Z2HUxwYjzriDyqaqqZg==}
    engines: {node: '>=0.4.0'}
    hasBin: true
    dev: true

  /ajv-keywords/3.5.2_ajv@6.12.6:
    resolution: {integrity: sha512-5p6WTN0DdTGVQk6VjcEju19IgaHudalcfabD7yhDGeA6bcQnmL+CpveLJq/3hvfwd1aof6L386Ougkx6RfyMIQ==}
    peerDependencies:
      ajv: ^6.9.1
    dependencies:
      ajv: 6.12.6
    dev: true

  /ajv/6.12.6:
    resolution: {integrity: sha512-j3fVLgvTo527anyYyJOGTYJbG+vnnQYvE0m5mmkc1TK+nxAppkCLMIL0aZ4dblVCNoGShhm+kzE4ZUykBoMg4g==}
    dependencies:
      fast-deep-equal: 3.1.1
      fast-json-stable-stringify: 2.1.0
      json-schema-traverse: 0.4.1
      uri-js: 4.2.2
    dev: true

  /big.js/5.2.2:
    resolution: {integrity: sha512-vyL2OymJxmarO8gxMr0mhChsO9QGwhynfuu4+MHTAW6czfq9humCB7rKpUjDd9YUiDPU4mzpyupFSvOClAwbmQ==}
    dev: true

  /bluebird/3.7.2:
    resolution: {integrity: sha512-XpNj6GDQzdfW+r2Wnn7xiSAd7TM3jzkxGXBGTtWKuSXv1xUV+azxAm8jdWZN06QTQk+2N2XB9jRDkvbmQmcRtg==}
    dev: true

  /browserslist/4.16.6:
    resolution: {integrity: sha512-Wspk/PqO+4W9qp5iUTJsa1B/QrYn1keNCcEP5OvP7WBwT4KaDly0uONYmC6Xa3Z5IqnUgS0KcgLYu1l74x0ZXQ==}
    engines: {node: ^6 || ^7 || ^8 || ^9 || ^10 || ^11 || ^12 || >=13.7}
    hasBin: true
    dependencies:
      caniuse-lite: 1.0.30001223
      colorette: 1.2.2
      electron-to-chromium: 1.3.727
      escalade: 3.1.1
      node-releases: 1.1.71
    dev: true

  /bs-platform/9.0.2:
    resolution: {integrity: sha512-Ye9JqJ4Oa7mcjjoOVRYI8Uc2Cf8N7jQLWDcdUplY7996d/YErSR7WitmV7XnSwr4EvdrbwjEsg1NxNjUQv3ChA==}
    hasBin: true
    requiresBuild: true
    dev: true

  /buffer-crc32/0.2.13:
    resolution: {integrity: sha1-DTM+PwDqxQqhRUq9MO+MKl2ackI=}
    dev: true

  /buffer-from/1.1.1:
    resolution: {integrity: sha512-MQcXEUbCKtEo7bhqEs6560Hyd4XaovZlO/k9V3hjVUF/zwW7KBVdSK4gIt/bzwS9MbR5qob+F5jusZsb0YQK2A==}
    dev: true

  /caniuse-lite/1.0.30001223:
    resolution: {integrity: sha512-k/RYs6zc/fjbxTjaWZemeSmOjO0JJV+KguOBA3NwPup8uzxM1cMhR2BD9XmO86GuqaqTCO8CgkgH9Rz//vdDiA==}
    dev: true

  /chrome-store-api/1.0.5:
    resolution: {integrity: sha1-UmH5IDuAVEdgHksJ2rgoonyXSH8=}
    dependencies:
      bluebird: 3.7.2
      debug: 2.6.9
      lodash: 3.10.1
      mkdirp: 0.5.1
      q: 1.5.1
      q-io: 1.13.6
    dev: true

  /chrome-trace-event/1.0.3:
    resolution: {integrity: sha512-p3KULyQg4S7NIHixdwbGX+nFHkoBiA4YQmyWtjb8XngSKV124nJmRysgAeujbUVb15vh+RvFUfCPqU7rXk+hZg==}
    engines: {node: '>=6.0'}
    dev: true

  /codemirror/5.61.0:
    resolution: {integrity: sha512-D3wYH90tYY1BsKlUe0oNj2JAhQ9TepkD51auk3N7q+4uz7A/cgJ5JsWHreT0PqieW1QhOuqxQ2reCXV1YXzecg==}
    dev: false

  /colorette/1.2.2:
    resolution: {integrity: sha512-MKGMzyfeuutC/ZJ1cba9NqcNpfeqMUcYmyF1ZFY6/Cn7CNSAKx6a+s48sqLqyAiZuaP2TcqMhoo+dlwFnVxT9w==}
    dev: true

  /commander/2.20.3:
    resolution: {integrity: sha512-GpVkmM8vF2vQUkj2LvZmD35JxeJOLCwJ9cUkugyk2nuhbv3+mJvpLYYt+0+USMxE+oj+ey/lJEnhZw75x/OMcQ==}
    dev: true

  /copy-to-clipboard/3.3.1:
    resolution: {integrity: sha512-i13qo6kIHTTpCm8/Wup+0b1mVWETvu2kIMzKoK8FpkLkFxlt0znUAHcMzox+T8sPlqtZXq3CulEjQHsYiGFJUw==}
    dependencies:
      toggle-selection: 1.0.6
    dev: false

  /d/1.0.1:
    resolution: {integrity: sha512-m62ShEObQ39CfralilEQRjH6oAMtNCV1xJyEx5LpRYUVN+EviphDgUc/F3hnYbADmkiNs67Y+3ylmlG7Lnu+FA==}
    dependencies:
      es5-ext: 0.10.53
      type: 1.2.0
    dev: true

  /debug/2.6.9:
    resolution: {integrity: sha512-bC7ElrdJaJnPbAP+1EotYvqZsb3ecl5wi6Bfi6BJTUcNowp6cvspg0jXznRTKDjm/E7AdgFBVeAPVMNcKGsHMA==}
    dependencies:
      ms: 2.0.0
    dev: true

  /electron-to-chromium/1.3.727:
    resolution: {integrity: sha512-Mfz4FIB4FSvEwBpDfdipRIrwd6uo8gUDoRDF4QEYb4h4tSuI3ov594OrjU6on042UlFHouIJpClDODGkPcBSbg==}
    dev: true

  /emojis-list/3.0.0:
    resolution: {integrity: sha512-/kyM18EfinwXZbno9FyUGeFh87KC8HRQBQGildHZbEuRyWFOmv1U10o9BBp8XVZDVNNuQKyIGIu5ZYAAXJ0V2Q==}
    engines: {node: '>= 4'}
    dev: true

  /enhanced-resolve/5.8.0:
    resolution: {integrity: sha512-Sl3KRpJA8OpprrtaIswVki3cWPiPKxXuFxJXBp+zNb6s6VwNWwFRUdtmzd2ReUut8n+sCPx7QCtQ7w5wfJhSgQ==}
    engines: {node: '>=10.13.0'}
    dependencies:
      graceful-fs: 4.2.6
      tapable: 2.2.0
    dev: true

  /es-module-lexer/0.4.1:
    resolution: {integrity: sha512-ooYciCUtfw6/d2w56UVeqHPcoCFAiJdz5XOkYpv/Txl1HMUozpXjz/2RIQgqwKdXNDPSF1W7mJCFse3G+HDyAA==}
    dev: true

  /es5-ext/0.10.53:
    resolution: {integrity: sha512-Xs2Stw6NiNHWypzRTY1MtaG/uJlwCk8kH81920ma8mvN8Xq1gsfhZvpkImLQArw8AHnv8MT2I45J3c0R8slE+Q==}
    dependencies:
      es6-iterator: 2.0.3
      es6-symbol: 3.1.3
      next-tick: 1.0.0
    dev: true

  /es6-iterator/2.0.3:
    resolution: {integrity: sha1-p96IkUGgWpSwhUQDstCg+/qY87c=}
    dependencies:
      d: 1.0.1
      es5-ext: 0.10.53
      es6-symbol: 3.1.3
    dev: true

  /es6-set/0.1.5:
    resolution: {integrity: sha1-0rPsXU2ADO2BjbU40ol02wpzzLE=}
    dependencies:
      d: 1.0.1
      es5-ext: 0.10.53
      es6-iterator: 2.0.3
      es6-symbol: 3.1.1
      event-emitter: 0.3.5
    dev: true

  /es6-symbol/3.1.1:
    resolution: {integrity: sha1-vwDvT9q2uhtG7Le2KbTH7VcVzHc=}
    dependencies:
      d: 1.0.1
      es5-ext: 0.10.53
    dev: true

  /es6-symbol/3.1.3:
    resolution: {integrity: sha512-NJ6Yn3FuDinBaBRWl/q5X/s4koRHBrgKAu+yGI6JCBeiu3qrcbJhwT2GeR/EXVfylRk8dpQVJoLEFhK+Mu31NA==}
    dependencies:
      d: 1.0.1
      ext: 1.4.0
    dev: true

  /escalade/3.1.1:
    resolution: {integrity: sha512-k0er2gUkLf8O0zKJiAhmkTnJlTvINGv7ygDNPbeIsX/TJjGJZHuh9B2UxbsaEkmlEo9MfhrSzmhIlhRlI2GXnw==}
    engines: {node: '>=6'}
    dev: true

  /eslint-scope/5.1.1:
    resolution: {integrity: sha512-2NxwbF/hZ0KpepYN0cNbo+FN6XoK7GaHlQhgx/hIZl6Va0bF45RQOOwhLIy8lQDbuCiadSLCBnH2CFYquit5bw==}
    engines: {node: '>=8.0.0'}
    dependencies:
      esrecurse: 4.3.0
      estraverse: 4.3.0
    dev: true

  /esrecurse/4.3.0:
    resolution: {integrity: sha512-KmfKL3b6G+RXvP8N1vr3Tq1kL/oCFgn2NYXEtqP8/L3pKapUA4G8cFVaoF3SU323CD4XypR/ffioHmkti6/Tag==}
    engines: {node: '>=4.0'}
    dependencies:
      estraverse: 5.2.0
    dev: true

  /estraverse/4.3.0:
    resolution: {integrity: sha512-39nnKffWz8xN1BU/2c79n9nB9HDzo0niYUqx6xyqUnyoAnQyyWpOTdZEeiCch8BBu515t4wp9ZmgVfVhn9EBpw==}
    engines: {node: '>=4.0'}
    dev: true

  /estraverse/5.2.0:
    resolution: {integrity: sha512-BxbNGGNm0RyRYvUdHpIwv9IWzeM9XClbOxwoATuFdOE7ZE6wHL+HQ5T8hoPM+zHvmKzzsEqhgy0GrQ5X13afiQ==}
    engines: {node: '>=4.0'}
    dev: true

  /event-emitter/0.3.5:
    resolution: {integrity: sha1-34xp7vFkeSPHFXuc6DhAYQsCzDk=}
    dependencies:
      d: 1.0.1
      es5-ext: 0.10.53
    dev: true

  /events/3.3.0:
    resolution: {integrity: sha512-mQw+2fkQbALzQ7V0MY0IqdnXNOeTtP4r0lN9z7AAawCXgqea7bDii20AYrIBrFd/Hx0M2Ocz6S111CaFkUcb0Q==}
    engines: {node: '>=0.8.x'}
    dev: true

  /ext/1.4.0:
    resolution: {integrity: sha512-Key5NIsUxdqKg3vIsdw9dSuXpPCQ297y6wBjL30edxwPgt2E44WcWBZey/ZvUc6sERLTxKdyCu4gZFmUbk1Q7A==}
    dependencies:
      type: 2.0.0
    dev: true

  /fast-deep-equal/3.1.1:
    resolution: {integrity: sha512-8UEa58QDLauDNfpbrX55Q9jrGHThw2ZMdOky5Gl1CDtVeJDPVrG4Jxx1N8jw2gkWaff5UUuX1KJd+9zGe2B+ZA==}
    dev: true

  /fast-json-stable-stringify/2.1.0:
    resolution: {integrity: sha512-lhd/wF+Lk98HZoTCtlVraHtfh5XYijIjalXck7saUtuanSDyLMxnHhSXEDJqHxD7msR8D0uCmqlkwjCV8xvwHw==}
    dev: true

  /file-loader/6.2.0_webpack@5.36.2:
    resolution: {integrity: sha512-qo3glqyTa61Ytg4u73GultjHGjdRyig3tG6lPtyX/jOEJvHif9uB0/OCI2Kif6ctF3caQTW2G5gym21oAsI4pw==}
    engines: {node: '>= 10.13.0'}
    peerDependencies:
      webpack: ^4.0.0 || ^5.0.0
    dependencies:
      loader-utils: 2.0.0
      schema-utils: 3.0.0
      webpack: 5.36.2
    dev: true

  /generate-json-webpack-plugin/2.0.0:
    resolution: {integrity: sha512-WVEHXiES7YwjLAjWquC5+IspZM4Pwtx1yHlHTBXHkp38HVjnHJo29PxLniWPSyiB539iDgeAcMNUBStrixx3Jw==}
    dev: true

  /glob-to-regexp/0.4.1:
    resolution: {integrity: sha512-lkX1HJXwyMcprw/5YUZc2s7DrpAiHB21/V+E1rHUrVNokkvB6bqMzT0VfV6/86ZNabt1k14YOIaT7nDvOX3Iiw==}
    dev: true

  /graceful-fs/4.2.6:
    resolution: {integrity: sha512-nTnJ528pbqxYanhpDYsi4Rd8MAeaBA67+RZ10CM1m3bTAVFEDcd5AuA4a6W5YkGZ1iNXHzZz8T6TBKLeBuNriQ==}
    dev: true

  /has-flag/4.0.0:
    resolution: {integrity: sha512-EykJT/Q1KjTWctppgIAgfSO0tKVuZUjhgMr17kqTumMl6Afv3EISleU7qZUzoXDFTAHTDC4NOoG/ZxU3EvlMPQ==}
    engines: {node: '>=8'}
    dev: true

  /highlight.js/10.7.2:
    resolution: {integrity: sha512-oFLl873u4usRM9K63j4ME9u3etNF0PLiJhSQ8rdfuL51Wn3zkD6drf9ZW0dOzjnZI22YYG24z30JcmfCZjMgYg==}
    dev: false

  /jest-worker/26.6.2:
    resolution: {integrity: sha512-KWYVV1c4i+jbMpaBC+U++4Va0cp8OisU185o73T1vo99hqi7w8tSJfUXYswwqqrjzwxa6KpRK54WhPvwf5w6PQ==}
    engines: {node: '>= 10.13.0'}
    dependencies:
      '@types/node': 15.0.2
      merge-stream: 2.0.0
      supports-color: 7.2.0
    dev: true

  /js-tokens/4.0.0:
    resolution: {integrity: sha512-RdJUflcE3cUzKiMqQgsCu06FPu9UdIJO0beYbPhHN4k6apgJtifcoCtT9bcxOpYBtpD2kCM6Sbzg4CausW/PKQ==}
    dev: false

  /json-parse-better-errors/1.0.2:
    resolution: {integrity: sha512-mrqyZKfX5EhL7hvqcV6WG1yYjnjeuYDzDhhcAAUrq8Po85NBQBJP+ZDUT75qZQ98IkUoBqdkExkukOU7Ts2wrw==}
    dev: true

  /json-schema-traverse/0.4.1:
    resolution: {integrity: sha512-xbbCH5dCYU5T8LcEhhuh7HJ88HXuW3qsI3Y0zOZFKfZEHcpWiHU/Jxzk629Brsab/mMiHQti9wMP+845RPe3Vg==}
    dev: true

  /json5/2.2.0:
    resolution: {integrity: sha512-f+8cldu7X/y7RAJurMEJmdoKXGB/X550w2Nr3tTbezL6RwEE/iMcm+tZnXeoZtKuOq6ft8+CqzEkrIgx1fPoQA==}
    engines: {node: '>=6'}
    hasBin: true
    dependencies:
      minimist: 1.2.5
    dev: true

  /loader-runner/4.2.0:
    resolution: {integrity: sha512-92+huvxMvYlMzMt0iIOukcwYBFpkYJdpl2xsZ7LrlayO7E8SOv+JJUEK17B/dJIHAOLMfh2dZZ/Y18WgmGtYNw==}
    engines: {node: '>=6.11.5'}
    dev: true

  /loader-utils/2.0.0:
    resolution: {integrity: sha512-rP4F0h2RaWSvPEkD7BLDFQnvSf+nK+wr3ESUjNTyAGobqrijmW92zc+SO6d4p4B1wh7+B/Jg1mkQe5NYUEHtHQ==}
    engines: {node: '>=8.9.0'}
    dependencies:
      big.js: 5.2.2
      emojis-list: 3.0.0
      json5: 2.2.0
    dev: true

  /lodash/3.10.1:
    resolution: {integrity: sha1-W/Rejkm6QYnhfUgnid/RW9FAt7Y=}
    dev: true

  /loose-envify/1.4.0:
    resolution: {integrity: sha512-lyuxPGr/Wfhrlem2CL/UcnUc1zcqKAImBDzukY7Y5F/yQiNdko6+fRLevlw1HgMySw7f611UIY408EtxRSoK3Q==}
    hasBin: true
    dependencies:
      js-tokens: 4.0.0
    dev: false

  /merge-stream/2.0.0:
    resolution: {integrity: sha512-abv/qOcuPfk3URPfDzmZU1LKmuw8kT+0nIHvKrKgFrwifol/doWcdA4ZqsWQ8ENrFKkd67Mfpo/LovbIUsbt3w==}
    dev: true

  /mime-db/1.47.0:
    resolution: {integrity: sha512-QBmA/G2y+IfeS4oktet3qRZ+P5kPhCKRXxXnQEudYqUaEioAU1/Lq2us3D/t1Jfo4hE9REQPrbB7K5sOczJVIw==}
    engines: {node: '>= 0.6'}
    dev: true

  /mime-types/2.1.30:
    resolution: {integrity: sha512-crmjA4bLtR8m9qLpHvgxSChT+XoSlZi8J4n/aIdn3z92e/U47Z0V/yl+Wh9W046GgFVAmoNR/fmdbZYcSSIUeg==}
    engines: {node: '>= 0.6'}
    dependencies:
      mime-db: 1.47.0
    dev: true

  /mime/1.6.0:
    resolution: {integrity: sha512-x0Vn8spI+wuJ1O6S7gnbaQg8Pxh4NNHb7KSINmEWKiPE4RKOplvijn+NkmYmmRgP68mc70j2EbeTFRsrswaQeg==}
    engines: {node: '>=4'}
    hasBin: true
    dev: true

  /mimeparse/0.1.4:
    resolution: {integrity: sha1-2vsCdSNw/SJgk64xUsJxrwGsJUo=}
    dev: true

  /minimist/0.0.8:
    resolution: {integrity: sha1-hX/Kv8M5fSYluCKCYuhqp6ARsF0=}
    dev: true

  /minimist/1.2.5:
    resolution: {integrity: sha512-FM9nNUYrRBAELZQT3xeZQ7fmMOBg6nWNmJKTcgsJeaLstP/UODVpGsr5OhXhhXg6f+qtJ8uiZ+PUxkDWcgIXLw==}
    dev: true

  /mkdirp/0.5.1:
    resolution: {integrity: sha1-MAV0OOrGz3+MR2fzhkjWaX11yQM=}
    hasBin: true
    dependencies:
      minimist: 0.0.8
    dev: true

  /ms/2.0.0:
    resolution: {integrity: sha1-VgiurfwAvmwpAd9fmGF4jeDVl8g=}
    dev: true

  /neo-async/2.6.2:
    resolution: {integrity: sha512-Yd3UES5mWCSqR+qNT93S3UoYUkqAZ9lLg8a7g9rimsWmYGK8cVToA4/sF3RrshdyV3sAGMXVUmpMYOw+dLpOuw==}
    dev: true

  /next-tick/1.0.0:
    resolution: {integrity: sha1-yobR/ogoFpsBICCOPchCS524NCw=}
    dev: true

  /node-releases/1.1.71:
    resolution: {integrity: sha512-zR6HoT6LrLCRBwukmrVbHv0EpEQjksO6GmFcZQQuCAy139BEsoVKPYnf3jongYW83fAa1torLGYwxxky/p28sg==}
    dev: true

  /object-assign/4.1.1:
    resolution: {integrity: sha1-IQmtx5ZYh8/AXLvUQsrIv7s2CGM=}
    engines: {node: '>=0.10.0'}
    dev: false

  /p-limit/3.1.0:
    resolution: {integrity: sha512-TYOanM3wGwNGsZN2cVTYPArw454xnXj5qmWF1bEoAc4+cU/ol7GVh7odevjp1FNHduHc3KZMcFduxU5Xc6uJRQ==}
    engines: {node: '>=10'}
    dependencies:
      yocto-queue: 0.1.0
    dev: true

  /prop-types/15.7.2:
    resolution: {integrity: sha512-8QQikdH7//R2vurIJSutZ1smHYTcLpRWEOlHnzcWHmBYrOGUysKwSsrC89BCiFj3CbrfJ/nXFdJepOVrY1GCHQ==}
    dependencies:
      loose-envify: 1.4.0
      object-assign: 4.1.1
      react-is: 16.13.0
    dev: false

  /punycode/2.1.1:
    resolution: {integrity: sha512-XRsRjdf+j5ml+y/6GKHPZbrF/8p2Yga0JPtdqTIY2Xe5ohJPD9saDJJLPvp9+NSBprVvevdXZybnj2cv8OEd0A==}
    engines: {node: '>=6'}
    dev: true

  /q-io/1.13.6:
    resolution: {integrity: sha1-BFC9s54IfLiaX9SkFjfqM0fJhTg=}
    engines: {node: '>=0.6.0'}
    dependencies:
      es6-set: 0.1.5
      mime: 1.6.0
      mimeparse: 0.1.4
      q: 1.5.1
      qs: 1.2.2
      url2: 0.0.0
    dev: true

  /q/1.5.1:
    resolution: {integrity: sha1-fjL3W0E4EpHQRhHxvxQQmsAGUdc=}
    engines: {node: '>=0.6.0', teleport: '>=0.2.0'}
    dev: true

  /qs/1.2.2:
    resolution: {integrity: sha1-GbV/8k3CqZzh+L32r82ln472H4g=}
    dev: true

  /randombytes/2.1.0:
    resolution: {integrity: sha512-vYl3iOX+4CKUWuxGi9Ukhie6fsqXqS9FE2Zaic4tNFD2N2QQaXOMFbuKK4QmDHC0JO6B1Zp41J0LpT0oR68amQ==}
    dependencies:
      safe-buffer: 5.2.0
    dev: true

  /react-codemirror2/7.2.1_codemirror@5.61.0+react@17.0.2:
    resolution: {integrity: sha512-t7YFmz1AXdlImgHXA9Ja0T6AWuopilub24jRaQdPVbzUJVNKIYuy3uCFZYa7CE5S3UW6SrSa5nAqVQvtzRF9gw==}
    peerDependencies:
      codemirror: 5.x
      react: '>=15.5 <=16.x'
    dependencies:
      codemirror: 5.61.0
      react: 17.0.2
    dev: false

  /react-copy-to-clipboard/5.0.3_react@17.0.2:
    resolution: {integrity: sha512-9S3j+m+UxDZOM0Qb8mhnT/rMR0NGSrj9A/073yz2DSxPMYhmYFBMYIdI2X4o8AjOjyFsSNxDRnCX6s/gRxpriw==}
    peerDependencies:
      react: ^15.3.0 || ^16.0.0 || ^17.0.0
    dependencies:
      copy-to-clipboard: 3.3.1
      prop-types: 15.7.2
      react: 17.0.2
    dev: false

  /react-dom/17.0.2_react@17.0.2:
    resolution: {integrity: sha512-s4h96KtLDUQlsENhMn1ar8t2bEa+q/YAtj8pPPdIjPDGBDIVNsrD9aXNWqspUe6AzKCIG0C1HZZLqLV7qpOBGA==}
    peerDependencies:
      react: 17.0.2
    dependencies:
      loose-envify: 1.4.0
      object-assign: 4.1.1
      react: 17.0.2
      scheduler: 0.20.2
    dev: false

  /react-is/16.13.0:
    resolution: {integrity: sha512-GFMtL0vHkiBv9HluwNZTggSn/sCyEt9n02aM0dSAjGGyqyNlAyftYm4phPxdvCigG15JreC5biwxCgTAJZ7yAA==}
    dev: false

  /react/17.0.2:
    resolution: {integrity: sha512-gnhPt75i/dq/z3/6q/0asP78D0u592D5L1pd7M8P+dck6Fu/jJeL6iVVK23fptSUZj8Vjf++7wXA8UNclGQcbA==}
    engines: {node: '>=0.10.0'}
    dependencies:
      loose-envify: 1.4.0
      object-assign: 4.1.1
    dev: false

  /reason-react/0.9.1_e25c31baf39929dcd7f98383313f0782:
    resolution: {integrity: sha512-nlH0O2TDy9KzOLOW+vlEQk4ExHOeciyzFdoLcsmmiit6hx6H5+CVDrwJ+8aiaLT/kqK5xFOjy4PS7PftWz4plA==}
    peerDependencies:
      bs-platform: ^7.1.1
      react: ^16.8.1
      react-dom: ^16.8.1
    dependencies:
      bs-platform: 9.0.2
      react: 17.0.2
      react-dom: 17.0.2_react@17.0.2
    dev: false

  /safe-buffer/5.2.0:
    resolution: {integrity: sha512-fZEwUGbVl7kouZs1jCdMLdt95hdIv0ZeHg6L7qPeciMZhZ+/gdesW4wgTARkrFWEpspjEATAzUGPG8N2jJiwbg==}
    dev: true

  /scheduler/0.20.2:
    resolution: {integrity: sha512-2eWfGgAqqWFGqtdMmcL5zCMK1U8KlXv8SQFGglL3CEtd0aDVDWgeF/YoCmvln55m5zSk3J/20hTaSBeSObsQDQ==}
    dependencies:
      loose-envify: 1.4.0
      object-assign: 4.1.1
    dev: false

  /schema-utils/3.0.0:
    resolution: {integrity: sha512-6D82/xSzO094ajanoOSbe4YvXWMfn2A//8Y1+MUqFAJul5Bs+yn36xbK9OtNDcRVSBJ9jjeoXftM6CfztsjOAA==}
    engines: {node: '>= 10.13.0'}
    dependencies:
      '@types/json-schema': 7.0.7
      ajv: 6.12.6
      ajv-keywords: 3.5.2_ajv@6.12.6
    dev: true

  /serialize-javascript/5.0.1:
    resolution: {integrity: sha512-SaaNal9imEO737H2c05Og0/8LUXG7EnsZyMa8MzkmuHoELfT6txuj0cMqRj6zfPKnmQ1yasR4PCJc8x+M4JSPA==}
    dependencies:
      randombytes: 2.1.0
    dev: true

  /source-list-map/2.0.1:
    resolution: {integrity: sha512-qnQ7gVMxGNxsiL4lEuJwe/To8UnK7fAnmbGEEH8RpLouuKbeEm0lhbQVFIrNSuB+G7tVrAlVsZgETT5nljf+Iw==}
    dev: true

  /source-map-support/0.5.19:
    resolution: {integrity: sha512-Wonm7zOCIJzBGQdB+thsPar0kYuCIzYvxZwlBa87yi/Mdjv7Tip2cyVbLj5o0cFPN4EVkuTwb3GDDyUx2DGnGw==}
    dependencies:
      buffer-from: 1.1.1
      source-map: 0.6.1
    dev: true

  /source-map/0.6.1:
    resolution: {integrity: sha512-UjgapumWlbMhkBgzT7Ykc5YXUT46F0iKu8SGXq0bcwP5dz/h0Plj6enJqjz1Zbq2l5WaqYnrVbwWOWMyF3F47g==}
    engines: {node: '>=0.10.0'}
    dev: true

  /source-map/0.7.3:
    resolution: {integrity: sha512-CkCj6giN3S+n9qrYiBTX5gystlENnRW5jZeNLHpe6aue+SrHcG5VYwujhW9s4dY31mEGsxBDrHR6oI69fTXsaQ==}
    engines: {node: '>= 8'}
    dev: true

  /supports-color/7.2.0:
    resolution: {integrity: sha512-qpCAvRl9stuOHveKsn7HncJRvv501qIacKzQlO/+Lwxc9+0q2wLyv4Dfvt80/DPn2pqOBsJdDiogXGR9+OvwRw==}
    engines: {node: '>=8'}
    dependencies:
      has-flag: 4.0.0
    dev: true

  /tapable/2.2.0:
    resolution: {integrity: sha512-FBk4IesMV1rBxX2tfiK8RAmogtWn53puLOQlvO8XuwlgxcYbP4mVPS9Ph4aeamSyyVjOl24aYWAuc8U5kCVwMw==}
    engines: {node: '>=6'}
    dev: true

  /terser-webpack-plugin/5.1.1_webpack@5.36.2:
    resolution: {integrity: sha512-5XNNXZiR8YO6X6KhSGXfY0QrGrCRlSwAEjIIrlRQR4W8nP69TaJUlh3bkuac6zzgspiGPfKEHcY295MMVExl5Q==}
    engines: {node: '>= 10.13.0'}
    peerDependencies:
      webpack: ^5.1.0
    dependencies:
      jest-worker: 26.6.2
      p-limit: 3.1.0
      schema-utils: 3.0.0
      serialize-javascript: 5.0.1
      source-map: 0.6.1
      terser: 5.7.0
      webpack: 5.36.2
    dev: true

  /terser/5.7.0:
    resolution: {integrity: sha512-HP5/9hp2UaZt5fYkuhNBR8YyRcT8juw8+uFbAme53iN9hblvKnLUTKkmwJG6ocWpIKf8UK4DoeWG4ty0J6S6/g==}
    engines: {node: '>=10'}
    hasBin: true
    dependencies:
      commander: 2.20.3
      source-map: 0.7.3
      source-map-support: 0.5.19
    dev: true

  /toggle-selection/1.0.6:
    resolution: {integrity: sha1-bkWxJj8gF/oKzH2J14sVuL932jI=}
    dev: false

  /type/1.2.0:
    resolution: {integrity: sha512-+5nt5AAniqsCnu2cEQQdpzCAh33kVx8n0VoFidKpB1dVVLAN/F+bgVOqOJqOnEnrhp222clB5p3vUlD+1QAnfg==}
    dev: true

  /type/2.0.0:
    resolution: {integrity: sha512-KBt58xCHry4Cejnc2ISQAF7QY+ORngsWfxezO68+12hKV6lQY8P/psIkcbjeHWn7MqcgciWJyCCevFMJdIXpow==}
    dev: true

  /uri-js/4.2.2:
    resolution: {integrity: sha512-KY9Frmirql91X2Qgjry0Wd4Y+YTdrdZheS8TFwvkbLWf/G5KNJDCh6pKL5OZctEW4+0Baa5idK2ZQuELRwPznQ==}
    dependencies:
      punycode: 2.1.1
    dev: true

  /url2/0.0.0:
    resolution: {integrity: sha1-Tqq9HVw6yQ1iq0SFyZhCKGWgSxo=}
    dev: true

  /watchpack/2.1.1:
    resolution: {integrity: sha512-Oo7LXCmc1eE1AjyuSBmtC3+Wy4HcV8PxWh2kP6fOl8yTlNS7r0K9l1ao2lrrUza7V39Y3D/BbJgY8VeSlc5JKw==}
    engines: {node: '>=10.13.0'}
    dependencies:
      glob-to-regexp: 0.4.1
      graceful-fs: 4.2.6
    dev: true

  /webpack-sources/2.2.0:
    resolution: {integrity: sha512-bQsA24JLwcnWGArOKUxYKhX3Mz/nK1Xf6hxullKERyktjNMC4x8koOeaDNTA2fEJ09BdWLbM/iTW0ithREUP0w==}
    engines: {node: '>=10.13.0'}
    dependencies:
      source-list-map: 2.0.1
      source-map: 0.6.1
    dev: true

  /webpack/5.36.2:
    resolution: {integrity: sha512-XJumVnnGoH2dV+Pk1VwgY4YT6AiMKpVoudUFCNOXMIVrEKPUgEwdIfWPjIuGLESAiS8EdIHX5+TiJz/5JccmRg==}
    engines: {node: '>=10.13.0'}
    hasBin: true
    peerDependencies:
      webpack-cli: '*'
    peerDependenciesMeta:
      webpack-cli:
        optional: true
    dependencies:
      '@types/eslint-scope': 3.7.0
      '@types/estree': 0.0.47
      '@webassemblyjs/ast': 1.11.0
      '@webassemblyjs/wasm-edit': 1.11.0
      '@webassemblyjs/wasm-parser': 1.11.0
      acorn: 8.2.4
      browserslist: 4.16.6
      chrome-trace-event: 1.0.3
      enhanced-resolve: 5.8.0
      es-module-lexer: 0.4.1
      eslint-scope: 5.1.1
      events: 3.3.0
      glob-to-regexp: 0.4.1
      graceful-fs: 4.2.6
      json-parse-better-errors: 1.0.2
      loader-runner: 4.2.0
      mime-types: 2.1.30
      neo-async: 2.6.2
      schema-utils: 3.0.0
      tapable: 2.2.0
      terser-webpack-plugin: 5.1.1_webpack@5.36.2
      watchpack: 2.1.1
      webpack-sources: 2.2.0
    dev: true

  /yazl/2.5.1:
    resolution: {integrity: sha512-phENi2PLiHnHb6QBVot+dJnaAZ0xosj7p3fWl+znIjBDlnMI2PsZCJZ306BPTFOaHf5qdDEI8x5qFrSOBN5vrw==}
    dependencies:
      buffer-crc32: 0.2.13
    dev: true

  /yocto-queue/0.1.0:
    resolution: {integrity: sha512-rVksvsnNCdJ/ohGc6xgPwyN8eheCxsiLM8mxuE/t/mOVqJewPuO1miLpTHQiRgTKCLexL4MeAFVagts7HmNZ2Q==}
    engines: {node: '>=10'}
    dev: true

  /zip-webpack-plugin/4.0.1_webpack@5.36.2:
    resolution: {integrity: sha512-G041Q4qUaog44Ynit6gs4o+o3JIv0WWfOLvc8Q3IxvPfuqd2KBHhpJWAXUB9Cm1JcWHTIOp9vS3oGMWa1p1Ehw==}
    peerDependencies:
      webpack: ^4.0.0 || ^5.0.0
      webpack-sources: '*'
    dependencies:
      webpack: 5.36.2
      yazl: 2.5.1
    dev: true

  github.com/idkjs/bs-result/bd748ab6f57e4d7a39ecbf233f020fce69c06787_bs-platform@9.0.2:
    resolution: {tarball: https://codeload.github.com/idkjs/bs-result/tar.gz/bd748ab6f57e4d7a39ecbf233f020fce69c06787}
    id: github.com/idkjs/bs-result/bd748ab6f57e4d7a39ecbf233f020fce69c06787
    name: bs-result
    version: 2.2.0
    peerDependencies:
      bs-platform: ^3.1.4
    dependencies:
      bs-platform: 9.0.2
    dev: true
